%{
  "certifi": {:hex, :certifi, "2.0.0", "a0c0e475107135f76b8c1d5bc7efb33cd3815cb3cf3dea7aefdd174dabead064", [:rebar3], []},
  "dialyxir": {:hex, :dialyxir, "0.5.1", "b331b091720fd93e878137add264bac4f644e1ddae07a70bf7062c7862c4b952", [:mix], []},
  "earmark": {:hex, :earmark, "1.2.3", "206eb2e2ac1a794aa5256f3982de7a76bf4579ff91cb28d0e17ea2c9491e46a4", [:mix], []},
  "ethereumex": {:hex, :ethereumex, "0.2.1", "7d7156bd933517bf73c89ebc40a3e3cb1cc186318cef4250bd9ce1a88f082a10", [:mix], [{:httpoison, "~> 1.0.0", [hex: :httpoison, optional: false]}, {:poison, "~> 3.1.0", [hex: :poison, optional: false]}]},
  "ex_doc": {:hex, :ex_doc, "0.16.3", "cd2a4cfe5d26e37502d3ec776702c72efa1adfa24ed9ce723bb565f4c30bd31a", [:mix], [{:earmark, "~> 1.1", [hex: :earmark, optional: false]}]},
  "ex_rlp": {:hex, :ex_rlp, "0.2.1", "bd320900d6316cdfe01d365d4bda22eb2f39b359798daeeffd3bd1ca7ba958ec", [:mix], []},
  "hackney": {:hex, :hackney, "1.10.1", "c38d0ca52ea80254936a32c45bb7eb414e7a96a521b4ce76d00a69753b157f21", [:rebar3], [{:certifi, "2.0.0", [hex: :certifi, optional: false]}, {:idna, "5.1.0", [hex: :idna, optional: false]}, {:metrics, "1.0.1", [hex: :metrics, optional: false]}, {:mimerl, "1.0.2", [hex: :mimerl, optional: false]}, {:ssl_verify_fun, "1.1.1", [hex: :ssl_verify_fun, optional: false]}]},
  "hex_prefix": {:hex, :hex_prefix, "0.1.0", "e96b5cbb6ad8493196ce193726240023f5ce0ae0753118a19a5b43e2db0267ca", [:mix], []},
  "hexate": {:hex, :hexate, "0.6.1", "1cea42e462c1daa32223127d4752e71016c3d933d492b9bb7fa4709a4a0fd50d", [:mix], []},
  "httpoison": {:hex, :httpoison, "1.0.0", "1f02f827148d945d40b24f0b0a89afe40bfe037171a6cf70f2486976d86921cd", [:mix], [{:hackney, "~> 1.8", [hex: :hackney, optional: false]}]},
  "idna": {:hex, :idna, "5.1.0", "d72b4effeb324ad5da3cab1767cb16b17939004e789d8c0ad5b70f3cea20c89a", [:rebar3], [{:unicode_util_compat, "0.3.1", [hex: :unicode_util_compat, optional: false]}]},
  "keccakf1600": {:hex, :keccakf1600_orig, "2.0.0", "0a7217ddb3ee8220d449bbf7575ec39d4e967099f220a91e3dfca4dbaef91963", [:rebar3], []},
  "libsecp256k1": {:hex, :libsecp256k1, "0.1.3", "57468b986af7c9633527875f71c7ca08bf4150b07b38a60d5bd48fba299ff6c1", [:rebar3], []},
  "libsecp256k1_nif": {:hex, :libsecp256k1_nif, "0.0.3", "3d30ec8fb6a7032c4a3b75cb36ed509f397d33c5e44c53c20b800c1b07f5ab2d", [:rebar3], []},
  "metrics": {:hex, :metrics, "1.0.1", "25f094dea2cda98213cecc3aeff09e940299d950904393b2a29d191c346a8486", [:rebar3], []},
  "mimerl": {:hex, :mimerl, "1.0.2", "993f9b0e084083405ed8252b99460c4f0563e41729ab42d9074fd5e52439be88", [:rebar3], []},
  "mnemonic": {:hex, :mnemonic, "0.2.1", "dbdb0a835122219068ca69a64e6d1d0eb4be388f92609b2bc4910cf6a236f316", [:mix], []},
  "nif_libsecp256k1": {:hex, :nif_libsecp256k1, "0.0.2", "7548eabb7d04c09c29814f9c8aa8542d7ff2d9b972a8e3c611faef21a24616da", [:rebar3], []},
  "poison": {:hex, :poison, "3.1.0", "d9eb636610e096f86f25d9a46f35a9facac35609a7591b3be3326e99a0484665", [:mix], []},
  "ssl_verify_fun": {:hex, :ssl_verify_fun, "1.1.1", "28a4d65b7f59893bc2c7de786dec1e1555bd742d336043fe644ae956c3497fbe", [:make, :rebar], []},
  "unicode_util_compat": {:hex, :unicode_util_compat, "0.3.1", "a1f612a7b512638634a603c8f401892afbf99b8ce93a45041f8aaca99cadb85e", [:rebar3], []},
}
