%{"certifi": {:hex, :certifi, "1.2.1", "c3904f192bd5284e5b13f20db3ceac9626e14eeacfbb492e19583cf0e37b22be", [:rebar3], []},
  "earmark": {:hex, :earmark, "1.2.3", "206eb2e2ac1a794aa5256f3982de7a76bf4579ff91cb28d0e17ea2c9491e46a4", [:mix], []},
  "ethereumex": {:hex, :ethereumex, "0.1.1", "9b308ab4d5f13e784165f977c1117ee3ac8964f5897f67bc7356959569ba9a8b", [:mix], [{:httpoison, "~> 0.11.1", [hex: :httpoison, optional: false]}, {:poison, "~> 3.1.0", [hex: :poison, optional: false]}]},
  "ex_doc": {:hex, :ex_doc, "0.16.3", "cd2a4cfe5d26e37502d3ec776702c72efa1adfa24ed9ce723bb565f4c30bd31a", [:mix], [{:earmark, "~> 1.1", [hex: :earmark, optional: false]}]},
  "ex_rlp": {:hex, :ex_rlp, "0.2.1", "bd320900d6316cdfe01d365d4bda22eb2f39b359798daeeffd3bd1ca7ba958ec", [:mix], []},
  "hackney": {:hex, :hackney, "1.8.6", "21a725db3569b3fb11a6af17d5c5f654052ce9624219f1317e8639183de4a423", [:rebar3], [{:certifi, "1.2.1", [hex: :certifi, optional: false]}, {:idna, "5.0.2", [hex: :idna, optional: false]}, {:metrics, "1.0.1", [hex: :metrics, optional: false]}, {:mimerl, "1.0.2", [hex: :mimerl, optional: false]}, {:ssl_verify_fun, "1.1.1", [hex: :ssl_verify_fun, optional: false]}]},
  "hex_prefix": {:hex, :hex_prefix, "0.1.0", "e96b5cbb6ad8493196ce193726240023f5ce0ae0753118a19a5b43e2db0267ca", [:mix], []},
  "hexate": {:hex, :hexate, "0.6.1", "1cea42e462c1daa32223127d4752e71016c3d933d492b9bb7fa4709a4a0fd50d", [:mix], []},
  "httpoison": {:hex, :httpoison, "0.11.2", "9e59f17a473ef6948f63c51db07320477bad8ba88cf1df60a3eee01150306665", [:mix], [{:hackney, "~> 1.8.0", [hex: :hackney, optional: false]}]},
  "idna": {:hex, :idna, "5.0.2", "ac203208ada855d95dc591a764b6e87259cb0e2a364218f215ad662daa8cd6b4", [:rebar3], [{:unicode_util_compat, "0.2.0", [hex: :unicode_util_compat, optional: false]}]},
  "keccakf1600": {:hex, :keccakf1600_orig, "2.0.0", "0a7217ddb3ee8220d449bbf7575ec39d4e967099f220a91e3dfca4dbaef91963", [:rebar3], []},
  "libsecp256k1": {:git, "https://github.com/mbrix/libsecp256k1.git", "671be513a6c19db47fbeea0ceefbf61421d196cc", []},
  "metrics": {:hex, :metrics, "1.0.1", "25f094dea2cda98213cecc3aeff09e940299d950904393b2a29d191c346a8486", [:rebar3], []},
  "mimerl": {:hex, :mimerl, "1.0.2", "993f9b0e084083405ed8252b99460c4f0563e41729ab42d9074fd5e52439be88", [:rebar3], []},
  "poison": {:hex, :poison, "3.1.0", "d9eb636610e096f86f25d9a46f35a9facac35609a7591b3be3326e99a0484665", [:mix], []},
  "ssl_verify_fun": {:hex, :ssl_verify_fun, "1.1.1", "28a4d65b7f59893bc2c7de786dec1e1555bd742d336043fe644ae956c3497fbe", [:make, :rebar], []},
  "unicode_util_compat": {:hex, :unicode_util_compat, "0.2.0", "dbbccf6781821b1c0701845eaf966c9b6d83d7c3bfc65ca2b78b88b8678bfa35", [:rebar3], []}}
